// !$*UTF8*$!
{
	archiveVersion = 1;
	classes = {
	};
	objectVersion = 46;
	objects = {

/* Begin PBXBuildFile section */
		CADFE4F01EF7556100195E71 /* AppDelegate.swift in Sources */ = {isa = PBXBuildFile; fileRef = CADFE4EF1EF7556100195E71 /* AppDelegate.swift */; };
		CADFE4F21EF7556100195E71 /* ViewController.swift in Sources */ = {isa = PBXBuildFile; fileRef = CADFE4F11EF7556100195E71 /* ViewController.swift */; };
		CADFE4F51EF7556100195E71 /* Main.storyboard in Resources */ = {isa = PBXBuildFile; fileRef = CADFE4F31EF7556100195E71 /* Main.storyboard */; };
		CADFE4F71EF7556100195E71 /* Assets.xcassets in Resources */ = {isa = PBXBuildFile; fileRef = CADFE4F61EF7556100195E71 /* Assets.xcassets */; };
		CADFE4FA1EF7556100195E71 /* LaunchScreen.storyboard in Resources */ = {isa = PBXBuildFile; fileRef = CADFE4F81EF7556100195E71 /* LaunchScreen.storyboard */; };
/* End PBXBuildFile section */

/* Begin PBXFileReference section */
		CADFE4EC1EF7556100195E71 /* ios_playground.app */ = {isa = PBXFileReference; explicitFileType = wrapper.application; includeInIndex = 0; path = ios_playground.app; sourceTree = BUILT_PRODUCTS_DIR; };
		CADFE4EF1EF7556100195E71 /* AppDelegate.swift */ = {isa = PBXFileReference; lastKnownFileType = sourcecode.swift; path = AppDelegate.swift; sourceTree = "<group>"; };
		CADFE4F11EF7556100195E71 /* ViewController.swift */ = {isa = PBXFileReference; lastKnownFileType = sourcecode.swift; path = ViewController.swift; sourceTree = "<group>"; };
		CADFE4F41EF7556100195E71 /* Base */ = {isa = PBXFileReference; lastKnownFileType = file.storyboard; name = Base; path = Base.lproj/Main.storyboard; sourceTree = "<group>"; };
		CADFE4F61EF7556100195E71 /* Assets.xcassets */ = {isa = PBXFileReference; lastKnownFileType = folder.assetcatalog; path = Assets.xcassets; sourceTree = "<group>"; };
		CADFE4F91EF7556100195E71 /* Base */ = {isa = PBXFileReference; lastKnownFileType = file.storyboard; name = Base; path = Base.lproj/LaunchScreen.storyboard; sourceTree = "<group>"; };
		CADFE4FB1EF7556100195E71 /* Info.plist */ = {isa = PBXFileReference; lastKnownFileType = text.plist.xml; path = Info.plist; sourceTree = "<group>"; };
/* End PBXFileReference section */

/* Begin PBXFrameworksBuildPhase section */
		CADFE4E91EF7556100195E71 /* Frameworks */ = {
			isa = PBXFrameworksBuildPhase;
			buildActionMask = 2147483647;
			files = (
			);
			runOnlyForDeploymentPostprocessing = 0;
		};
/* End PBXFrameworksBuildPhase section */

/* Begin PBXGroup section */
		CADFE4E31EF7556100195E71 = {
			isa = PBXGroup;
			children = (
				CADFE4EE1EF7556100195E71 /* ios_playground */,
				CADFE4ED1EF7556100195E71 /* Products */,
			);
			sourceTree = "<group>";
		};
		CADFE4ED1EF7556100195E71 /* Products */ = {
			isa = PBXGroup;
			children = (
				CADFE4EC1EF7556100195E71 /* ios_playground.app */,
			);
			name = Products;
			sourceTree = "<group>";
		};
		CADFE4EE1EF7556100195E71 /* ios_playground */ = {
			isa = PBXGroup;
			children = (
				CADFE4EF1EF7556100195E71 /* AppDelegate.swift */,
				CADFE4F11EF7556100195E71 /* ViewController.swift */,
				CADFE4F31EF7556100195E71 /* Main.storyboard */,
				CADFE4F61EF7556100195E71 /* Assets.xcassets */,
				CADFE4F81EF7556100195E71 /* LaunchScreen.storyboard */,
				CADFE4FB1EF7556100195E71 /* Info.plist */,
			);
			path = ios_playground;
			sourceTree = "<group>";
		};
/* End PBXGroup section */

/* Begin PBXNativeTarget section */
		CADFE4EB1EF7556100195E71 /* ios_playground */ = {
			isa = PBXNativeTarget;
			buildConfigurationList = CADFE4FE1EF7556100195E71 /* Build configuration list for PBXNativeTarget "ios_playground" */;
			buildPhases = (
				CADFE4E81EF7556100195E71 /* Sources */,
				CADFE4E91EF7556100195E71 /* Frameworks */,
				CADFE4EA1EF7556100195E71 /* Resources */,
			);
			buildRules = (
			);
			dependencies = (
			);
			name = ios_playground;
			productName = ios_playground;
			productReference = CADFE4EC1EF7556100195E71 /* ios_playground.app */;
			productType = "com.apple.product-type.application";
		};
/* End PBXNativeTarget section */

/* Begin PBXProject section */
		CADFE4E41EF7556100195E71 /* Project object */ = {
			isa = PBXProject;
			attributes = {
				LastSwiftUpdateCheck = 0820;
				LastUpgradeCheck = 0820;
				ORGANIZATIONNAME = "Shintaro Nosaka";
				TargetAttributes = {
					CADFE4EB1EF7556100195E71 = {
						CreatedOnToolsVersion = 8.2.1;
						DevelopmentTeam = LAHC97E67W;
						ProvisioningStyle = Automatic;
					};
				};
			};
			buildConfigurationList = CADFE4E71EF7556100195E71 /* Build configuration list for PBXProject "ios_playground" */;
			compatibilityVersion = "Xcode 3.2";
			developmentRegion = English;
			hasScannedForEncodings = 0;
			knownRegions = (
				en,
				Base,
			);
			mainGroup = CADFE4E31EF7556100195E71;
			productRefGroup = CADFE4ED1EF7556100195E71 /* Products */;
			projectDirPath = "";
			projectRoot = "";
			targets = (
				CADFE4EB1EF7556100195E71 /* ios_playground */,
			);
		};
/* End PBXProject section */

/* Begin PBXResourcesBuildPhase section */
		CADFE4EA1EF7556100195E71 /* Resources */ = {
			isa = PBXResourcesBuildPhase;
			buildActionMask = 2147483647;
			files = (
				CADFE4FA1EF7556100195E71 /* LaunchScreen.storyboard in Resources */,
				CADFE4F71EF7556100195E71 /* Assets.xcassets in Resources */,
				CADFE4F51EF7556100195E71 /* Main.storyboard in Resources */,
			);
			runOnlyForDeploymentPostprocessing = 0;
		};
/* End PBXResourcesBuildPhase section */

/* Begin PBXSourcesBuildPhase section */
		CADFE4E81EF7556100195E71 /* Sources */ = {
			isa = PBXSourcesBuildPhase;
			buildActionMask = 2147483647;
			files = (
				CADFE4F21EF7556100195E71 /* ViewController.swift in Sources */,
				CADFE4F01EF7556100195E71 /* AppDelegate.swift in Sources */,
			);
			runOnlyForDeploymentPostprocessing = 0;
		};
/* End PBXSourcesBuildPhase section */

/* Begin PBXVariantGroup section */
		CADFE4F31EF7556100195E71 /* Main.storyboard */ = {
			isa = PBXVariantGroup;
			children = (
				CADFE4F41EF7556100195E71 /* Base */,
			);
			name = Main.storyboard;
			sourceTree = "<group>";
		};
		CADFE4F81EF7556100195E71 /* LaunchScreen.storyboard */ = {
			isa = PBXVariantGroup;
			children = (
				CADFE4F91EF7556100195E71 /* Base */,
			);
			name = LaunchScreen.storyboard;
			sourceTree = "<group>";
		};
/* End PBXVariantGroup section */

/* Begin XCBuildConfiguration section */
		CADFE4FC1EF7556100195E71 /* Debug */ = {
			isa = XCBuildConfiguration;
			buildSettings = {
				ALWAYS_SEARCH_USER_PATHS = NO;
				CLANG_ANALYZER_NONNULL = YES;
				CLANG_CXX_LANGUAGE_STANDARD = "gnu++0x";
				CLANG_CXX_LIBRARY = "libc++";
				CLANG_ENABLE_MODULES = YES;
				CLANG_ENABLE_OBJC_ARC = YES;
				CLANG_WARN_BOOL_CONVERSION = YES;
				CLANG_WARN_CONSTANT_CONVERSION = YES;
				CLANG_WARN_DIRECT_OBJC_ISA_USAGE = YES_ERROR;
				CLANG_WARN_DOCUMENTATION_COMMENTS = YES;
				CLANG_WARN_EMPTY_BODY = YES;
				CLANG_WARN_ENUM_CONVERSION = YES;
				CLANG_WARN_INFINITE_RECURSION = YES;
				CLANG_WARN_INT_CONVERSION = YES;
				CLANG_WARN_OBJC_ROOT_CLASS = YES_ERROR;
				CLANG_WARN_SUSPICIOUS_MOVE = YES;
				CLANG_WARN_UNREACHABLE_CODE = YES;
				CLANG_WARN__DUPLICATE_METHOD_MATCH = YES;
				"CODE_SIGN_IDENTITY[sdk=iphoneos*]" = "iPhone Developer";
				COPY_PHASE_STRIP = NO;
				DEBUG_INFORMATION_FORMAT = dwarf;
				ENABLE_STRICT_OBJC_MSGSEND = YES;
				ENABLE_TESTABILITY = YES;
				GCC_C_LANGUAGE_STANDARD = gnu99;
				GCC_DYNAMIC_NO_PIC = NO;
				GCC_NO_COMMON_BLOCKS = YES;
				GCC_OPTIMIZATION_LEVEL = 0;
				GCC_PREPROCESSOR_DEFINITIONS = (
					"DEBUG=1",
					"$(inherited)",
				);
				GCC_WARN_64_TO_32_BIT_CONVERSION = YES;
				GCC_WARN_ABOUT_RETURN_TYPE = YES_ERROR;
				GCC_WARN_UNDECLARED_SELECTOR = YES;
				GCC_WARN_UNINITIALIZED_AUTOS = YES_AGGRESSIVE;
				GCC_WARN_UNUSED_FUNCTION = YES;
				GCC_WARN_UNUSED_VARIABLE = YES;
				IPHONEOS_DEPLOYMENT_TARGET = 10.2;
				MTL_ENABLE_DEBUG_INFO = YES;
				ONLY_ACTIVE_ARCH = YES;
				SDKROOT = iphoneos;
				SWIFT_ACTIVE_COMPILATION_CONDITIONS = DEBUG;
				SWIFT_OPTIMIZATION_LEVEL = "-Onone";
				TARGETED_DEVICE_FAMILY = "1,2";
			};
			name = Debug;
		};
		CADFE4FD1EF7556100195E71 /* Release */ = {
			isa = XCBuildConfiguration;
			buildSettings = {
				ALWAYS_SEARCH_USER_PATHS = NO;
				CLANG_ANALYZER_NONNULL = YES;
				CLANG_CXX_LANGUAGE_STANDARD = "gnu++0x";
				CLANG_CXX_LIBRARY = "libc++";
				CLANG_ENABLE_MODULES = YES;
				CLANG_ENABLE_OBJC_ARC = YES;
				CLANG_WARN_BOOL_CONVERSION = YES;
				CLANG_WARN_CONSTANT_CONVERSION = YES;
				CLANG_WARN_DIRECT_OBJC_ISA_USAGE = YES_ERROR;
				CLANG_WARN_DOCUMENTATION_COMMENTS = YES;
				CLANG_WARN_EMPTY_BODY = YES;
				CLANG_WARN_ENUM_CONVERSION = YES;
				CLANG_WARN_INFINITE_RECURSION = YES;
				CLANG_WARN_INT_CONVERSION = YES;
				CLANG_WARN_OBJC_ROOT_CLASS = YES_ERROR;
				CLANG_WARN_SUSPICIOUS_MOVE = YES;
				CLANG_WARN_UNREACHABLE_CODE = YES;
				CLANG_WARN__DUPLICATE_METHOD_MATCH = YES;
				"CODE_SIGN_IDENTITY[sdk=iphoneos*]" = "iPhone Developer";
				COPY_PHASE_STRIP = NO;
				DEBUG_INFORMATION_FORMAT = "dwarf-with-dsym";
				ENABLE_NS_ASSERTIONS = NO;
				ENABLE_STRICT_OBJC_MSGSEND = YES;
				GCC_C_LANGUAGE_STANDARD = gnu99;
				GCC_NO_COMMON_BLOCKS = YES;
				GCC_WARN_64_TO_32_BIT_CONVERSION = YES;
				GCC_WARN_ABOUT_RETURN_TYPE = YES_ERROR;
				GCC_WARN_UNDECLARED_SELECTOR = YES;
				GCC_WARN_UNINITIALIZED_AUTOS = YES_AGGRESSIVE;
				GCC_WARN_UNUSED_FUNCTION = YES;
				GCC_WARN_UNUSED_VARIABLE = YES;
				IPHONEOS_DEPLOYMENT_TARGET = 10.2;
				MTL_ENABLE_DEBUG_INFO = NO;
				SDKROOT = iphoneos;
				SWIFT_OPTIMIZATION_LEVEL = "-Owholemodule";
				TARGETED_DEVICE_FAMILY = "1,2";
				VALIDATE_PRODUCT = YES;
			};
			name = Release;
		};
		CADFE4FF1EF7556100195E71 /* Debug */ = {
			isa = XCBuildConfiguration;
			buildSettings = {
				ASSETCATALOG_COMPILER_APPICON_NAME = AppIcon;
				DEVELOPMENT_TEAM = LAHC97E67W;
				INFOPLIST_FILE = ios_playground/Info.plist;
				LD_RUNPATH_SEARCH_PATHS = "$(inherited) @executable_path/Frameworks";
				PRODUCT_BUNDLE_IDENTIFIER = "me.ns.ios-playground.ios-playground";
				PRODUCT_NAME = "$(TARGET_NAME)";
				SWIFT_VERSION = 3.0;
			};
			name = Debug;
		};
		CADFE5001EF7556100195E71 /* Release */ = {
			isa = XCBuildConfiguration;
			buildSettings = {
				ASSETCATALOG_COMPILER_APPICON_NAME = AppIcon;
				DEVELOPMENT_TEAM = LAHC97E67W;
				INFOPLIST_FILE = ios_playground/Info.plist;
				LD_RUNPATH_SEARCH_PATHS = "$(inherited) @executable_path/Frameworks";
				PRODUCT_BUNDLE_IDENTIFIER = "me.ns.ios-playground.ios-playground";
				PRODUCT_NAME = "$(TARGET_NAME)";
				SWIFT_VERSION = 3.0;
			};
			name = Release;
		};
/* End XCBuildConfiguration section */

/* Begin XCConfigurationList section */
		CADFE4E71EF7556100195E71 /* Build configuration list for PBXProject "ios_playground" */ = {
			isa = XCConfigurationList;
			buildConfigurations = (
				CADFE4FC1EF7556100195E71 /* Debug */,
				CADFE4FD1EF7556100195E71 /* Release */,
			);
			defaultConfigurationIsVisible = 0;
			defaultConfigurationName = Release;
		};
		CADFE4FE1EF7556100195E71 /* Build configuration list for PBXNativeTarget "ios_playground" */ = {
			isa = XCConfigurationList;
			buildConfigurations = (
				CADFE4FF1EF7556100195E71 /* Debug */,
				CADFE5001EF7556100195E71 /* Release */,
			);
			defaultConfigurationIsVisible = 0;
		};
/* End XCConfigurationList section */
	};
	rootObject = CADFE4E41EF7556100195E71 /* Project object */;
}
